
Microsoft Visual Studio Solution File, Format Version 12.00
# Visual Studio 15
VisualStudioVersion = 15.0.28307.168
MinimumVisualStudioVersion = 10.0.40219.1
Project("{FAE04EC0-301F-11D3-BF4B-00C04F79EFBC}") = "kektura", "kektura\kektura.csproj", "{FDF1F559-B0F7-41B5-B06D-3A4F6ECA68AF}"
EndProject
Global
	GlobalSection(SolutionConfigurationPlatforms) = preSolution
		Debug|Any CPU = Debug|Any CPU
		Release|Any CPU = Release|Any CPU
	EndGlobalSection
	GlobalSection(ProjectConfigurationPlatforms) = postSolution
		{FDF1F559-B0F7-41B5-B06D-3A4F6ECA68AF}.Debug|Any CPU.ActiveCfg = Debug|Any CPU
		{FDF1F559-B0F7-41B5-B06D-3A4F6ECA68AF}.Debug|Any CPU.Build.0 = Debug|Any CPU
		{FDF1F559-B0F7-41B5-B06D-3A4F6ECA68AF}.Release|Any CPU.ActiveCfg = Release|Any CPU
		{FDF1F559-B0F7-41B5-B06D-3A4F6ECA68AF}.Release|Any CPU.Build.0 = Release|Any CPU
	EndGlobalSection
	GlobalSection(SolutionProperties) = preSolution
		HideSolutionNode = FALSE
	EndGlobalSection
	GlobalSection(ExtensibilityGlobals) = postSolution
		SolutionGuid = {C4C7D3C5-5C3E-44FD-A5A4-D5615DD1C2D7}
	EndGlobalSection
EndGlobal
